
Microsoft Visual Studio Solution File, Format Version 12.00
# Visual Studio Version 17
VisualStudioVersion = 17.9.34607.119
MinimumVisualStudioVersion = 10.0.40219.1
Project("{2150E333-8FDC-42A3-9474-1A3956D46DE8}") = "Chapter01", "Chapter01", "{0182B46F-0B08-4C5D-BC32-6F2B3B5B5201}"
EndProject
Project("{FAE04EC0-301F-11D3-BF4B-00C04F79EFBC}") = "ProductSample", "Chapter01\ProductSample\ProductSample.csproj", "{6229FC1B-5E3A-4BEA-8516-C2E9EB72282D}"
EndProject
Project("{FAE04EC0-301F-11D3-BF4B-00C04F79EFBC}") = "Sample_p38", "Chapter01\Sample_p38\Sample_p38.csproj", "{D549C29A-22F8-4A43-A57D-BD09A9593AA7}"
EndProject
Project("{2150E333-8FDC-42A3-9474-1A3956D46DE8}") = "Chapter02", "Chapter02", "{01D5BAD6-FE0C-4D7D-A4EB-506FF11D918F}"
EndProject
Project("{2150E333-8FDC-42A3-9474-1A3956D46DE8}") = "距離換算プログラム", "距離換算プログラム", "{440D1E02-76BD-4D35-8E31-790AA2F1D317}"
EndProject
Project("{FAE04EC0-301F-11D3-BF4B-00C04F79EFBC}") = "DistanceConverter", "Chapter02\DistanceConverter\DistanceConverter.csproj", "{6ABEA1E9-F07F-4BA2-AEEE-CAE34A644037}"
EndProject
Project("{2150E333-8FDC-42A3-9474-1A3956D46DE8}") = "売り上げ集計プログラム", "売り上げ集計プログラム", "{91331E92-4DD0-499F-B84D-99DC7D857404}"
EndProject
Project("{FAE04EC0-301F-11D3-BF4B-00C04F79EFBC}") = "SalesCounter", "Chapter02\SalesCounter\SalesCounter.csproj", "{3D4AB02C-4A47-4100-9141-89ED644A286C}"
EndProject
Project("{2150E333-8FDC-42A3-9474-1A3956D46DE8}") = "#演習問題", "#演習問題", "{1C559B98-9D52-45A4-A9DF-49D128E02801}"
EndProject
Project("{FAE04EC0-301F-11D3-BF4B-00C04F79EFBC}") = "Exercise1", "Chapter02\演習問題\Exercise1\Exercise1.csproj", "{808D9BDD-4EAE-4F17-AEA7-C0560DCB7D22}"
EndProject
Project("{FAE04EC0-301F-11D3-BF4B-00C04F79EFBC}") = "Exercise2", "Chapter02\演習問題\Exercise2\Exercise2.csproj", "{43B803DB-69B6-488B-8BAA-7D2FD228AA7C}"
EndProject
Project("{2150E333-8FDC-42A3-9474-1A3956D46DE8}") = "FormApps", "FormApps", "{1494D717-CD97-4AEF-88F6-963DC14E465C}"
EndProject
Project("{9A19103F-16F7-4668-BE54-9A1E7A4F7556}") = "BallApp", "FormApps\BallApp\BallApp.csproj", "{1CDF47A7-6757-418D-8660-96C1E69950D9}"
EndProject
Project("{2150E333-8FDC-42A3-9474-1A3956D46DE8}") = "Chapter03", "Chapter03", "{17061180-AF32-4241-BD2A-3AC1AC43532E}"
EndProject
Project("{FAE04EC0-301F-11D3-BF4B-00C04F79EFBC}") = "Section01", "Chapter03\Section01\Section01.csproj", "{55EB6166-E488-4ADE-9741-22CD1C9815D7}"
EndProject
Project("{2150E333-8FDC-42A3-9474-1A3956D46DE8}") = "演習問題", "演習問題", "{9AE441DC-BC88-41CE-93E1-86A9412C7DA7}"
EndProject
Project("{FAE04EC0-301F-11D3-BF4B-00C04F79EFBC}") = "Exercise01", "Chapter03\演習問題\Exercise01\Exercise01.csproj", "{45C00514-74E0-4EBE-9906-1DD485EA4628}"
EndProject
Project("{FAE04EC0-301F-11D3-BF4B-00C04F79EFBC}") = "Exercise02", "Chapter03\演習問題\Exercise02\Exercise02.csproj", "{78ABF478-B495-49E2-9FD2-B15A437F6481}"
EndProject
Project("{2150E333-8FDC-42A3-9474-1A3956D46DE8}") = "chapter04", "chapter04", "{A67F74A7-9F9B-4FB4-B36E-1CE0F4B31C79}"
EndProject
Project("{FAE04EC0-301F-11D3-BF4B-00C04F79EFBC}") = "Section01", "chapter04\Section01\Section01.csproj", "{DC5A825B-4DDC-405A-BED8-30128960B828}"
EndProject
Project("{2150E333-8FDC-42A3-9474-1A3956D46DE8}") = "演習問題", "演習問題", "{BD2E121F-33B1-4516-9449-2C6977450A81}"
EndProject
Project("{FAE04EC0-301F-11D3-BF4B-00C04F79EFBC}") = "Exercise01", "chapter04\演習問題\Exercise01\Exercise01.csproj", "{0406C676-E9E0-419A-9D6F-54A2504F33A3}"
EndProject
Project("{FAE04EC0-301F-11D3-BF4B-00C04F79EFBC}") = "Exercise02", "chapter04\演習問題\Exercise02\Exercise02.csproj", "{5B838D1C-E2D5-4D8A-B713-2334901A38A1}"
EndProject
Project("{2150E333-8FDC-42A3-9474-1A3956D46DE8}") = "Chapter05", "Chapter05", "{7ED2CE8C-3C6E-4C02-85C2-1DEB62314DC2}"
EndProject
Project("{2150E333-8FDC-42A3-9474-1A3956D46DE8}") = "演習問題", "演習問題", "{41B76C51-8E86-4F65-AFAE-A2BB6A41823A}"
EndProject
Project("{FAE04EC0-301F-11D3-BF4B-00C04F79EFBC}") = "Exercise01", "Chapter05\演習問題\Exercise01\Exercise01.csproj", "{FD0E3AFE-DB35-4BD9-85C8-6C73DA3E7FF9}"
EndProject
Project("{FAE04EC0-301F-11D3-BF4B-00C04F79EFBC}") = "Exercise02", "Chapter05\演習問題\Exercise02\Exercise02.csproj", "{EA00B402-F556-4FF6-A958-99A599C0520C}"
EndProject
Project("{FAE04EC0-301F-11D3-BF4B-00C04F79EFBC}") = "Exercise03", "Chapter05\演習問題\Exercise03\Exercise03.csproj", "{9E2040E7-298B-466F-92BD-BE43D8FCC181}"
EndProject
Project("{FAE04EC0-301F-11D3-BF4B-00C04F79EFBC}") = "Exercise04", "Chapter05\演習問題\Exercise04\Exercise04.csproj", "{7A0F6D94-E2D2-45DC-B3AD-28FE49C28CAC}"
EndProject
Project("{2150E333-8FDC-42A3-9474-1A3956D46DE8}") = "Chapter06", "Chapter06", "{4B5A1037-CC2D-4E01-B4AE-BF3B4ABD4CD5}"
EndProject
Project("{FAE04EC0-301F-11D3-BF4B-00C04F79EFBC}") = "Section01", "Chapter06\Section01\Section01.csproj", "{20824B4F-69A4-4306-B9D8-7309F9DCF2EB}"
EndProject
Project("{2150E333-8FDC-42A3-9474-1A3956D46DE8}") = "演習問題", "演習問題", "{E3FEE521-D43E-45C9-A474-9A14133D5EE3}"
EndProject
Project("{FAE04EC0-301F-11D3-BF4B-00C04F79EFBC}") = "Exercise01", "Chapter06\演習問題\Exercise01\Exercise01.csproj", "{5D779F59-AAD6-436F-86EE-CC7B016E4454}"
EndProject
Project("{FAE04EC0-301F-11D3-BF4B-00C04F79EFBC}") = "Exercise02", "Chapter06\演習問題\Exercise02\Exercise02.csproj", "{84B7A209-BEED-4755-8025-AE35168A9470}"
EndProject
Project("{2150E333-8FDC-42A3-9474-1A3956D46DE8}") = "Chapter07", "Chapter07", "{FA0D1EDF-185F-452E-B883-B96A3D50BDE7}"
EndProject
Project("{FAE04EC0-301F-11D3-BF4B-00C04F79EFBC}") = "Section01", "Chapter07\Section01\Section01.csproj", "{17047267-330C-4BD9-94AA-DF9FF67BF48B}"
EndProject
Project("{FAE04EC0-301F-11D3-BF4B-00C04F79EFBC}") = "Section02", "Chapter07\Section02\Section02.csproj", "{096F668B-F45A-4DC6-9B31-923451F3ECCA}"
EndProject
Global
	GlobalSection(SolutionConfigurationPlatforms) = preSolution
		Debug|Any CPU = Debug|Any CPU
		Release|Any CPU = Release|Any CPU
	EndGlobalSection
	GlobalSection(ProjectConfigurationPlatforms) = postSolution
		{6229FC1B-5E3A-4BEA-8516-C2E9EB72282D}.Debug|Any CPU.ActiveCfg = Debug|Any CPU
		{6229FC1B-5E3A-4BEA-8516-C2E9EB72282D}.Debug|Any CPU.Build.0 = Debug|Any CPU
		{6229FC1B-5E3A-4BEA-8516-C2E9EB72282D}.Release|Any CPU.ActiveCfg = Release|Any CPU
		{6229FC1B-5E3A-4BEA-8516-C2E9EB72282D}.Release|Any CPU.Build.0 = Release|Any CPU
		{D549C29A-22F8-4A43-A57D-BD09A9593AA7}.Debug|Any CPU.ActiveCfg = Debug|Any CPU
		{D549C29A-22F8-4A43-A57D-BD09A9593AA7}.Debug|Any CPU.Build.0 = Debug|Any CPU
		{D549C29A-22F8-4A43-A57D-BD09A9593AA7}.Release|Any CPU.ActiveCfg = Release|Any CPU
		{D549C29A-22F8-4A43-A57D-BD09A9593AA7}.Release|Any CPU.Build.0 = Release|Any CPU
		{6ABEA1E9-F07F-4BA2-AEEE-CAE34A644037}.Debug|Any CPU.ActiveCfg = Debug|Any CPU
		{6ABEA1E9-F07F-4BA2-AEEE-CAE34A644037}.Debug|Any CPU.Build.0 = Debug|Any CPU
		{6ABEA1E9-F07F-4BA2-AEEE-CAE34A644037}.Release|Any CPU.ActiveCfg = Release|Any CPU
		{6ABEA1E9-F07F-4BA2-AEEE-CAE34A644037}.Release|Any CPU.Build.0 = Release|Any CPU
		{3D4AB02C-4A47-4100-9141-89ED644A286C}.Debug|Any CPU.ActiveCfg = Debug|Any CPU
		{3D4AB02C-4A47-4100-9141-89ED644A286C}.Debug|Any CPU.Build.0 = Debug|Any CPU
		{3D4AB02C-4A47-4100-9141-89ED644A286C}.Release|Any CPU.ActiveCfg = Release|Any CPU
		{3D4AB02C-4A47-4100-9141-89ED644A286C}.Release|Any CPU.Build.0 = Release|Any CPU
		{808D9BDD-4EAE-4F17-AEA7-C0560DCB7D22}.Debug|Any CPU.ActiveCfg = Debug|Any CPU
		{808D9BDD-4EAE-4F17-AEA7-C0560DCB7D22}.Debug|Any CPU.Build.0 = Debug|Any CPU
		{808D9BDD-4EAE-4F17-AEA7-C0560DCB7D22}.Release|Any CPU.ActiveCfg = Release|Any CPU
		{808D9BDD-4EAE-4F17-AEA7-C0560DCB7D22}.Release|Any CPU.Build.0 = Release|Any CPU
		{43B803DB-69B6-488B-8BAA-7D2FD228AA7C}.Debug|Any CPU.ActiveCfg = Debug|Any CPU
		{43B803DB-69B6-488B-8BAA-7D2FD228AA7C}.Debug|Any CPU.Build.0 = Debug|Any CPU
		{43B803DB-69B6-488B-8BAA-7D2FD228AA7C}.Release|Any CPU.ActiveCfg = Release|Any CPU
		{43B803DB-69B6-488B-8BAA-7D2FD228AA7C}.Release|Any CPU.Build.0 = Release|Any CPU
		{1CDF47A7-6757-418D-8660-96C1E69950D9}.Debug|Any CPU.ActiveCfg = Debug|Any CPU
		{1CDF47A7-6757-418D-8660-96C1E69950D9}.Debug|Any CPU.Build.0 = Debug|Any CPU
		{1CDF47A7-6757-418D-8660-96C1E69950D9}.Release|Any CPU.ActiveCfg = Release|Any CPU
		{1CDF47A7-6757-418D-8660-96C1E69950D9}.Release|Any CPU.Build.0 = Release|Any CPU
		{55EB6166-E488-4ADE-9741-22CD1C9815D7}.Debug|Any CPU.ActiveCfg = Debug|Any CPU
		{55EB6166-E488-4ADE-9741-22CD1C9815D7}.Debug|Any CPU.Build.0 = Debug|Any CPU
		{55EB6166-E488-4ADE-9741-22CD1C9815D7}.Release|Any CPU.ActiveCfg = Release|Any CPU
		{55EB6166-E488-4ADE-9741-22CD1C9815D7}.Release|Any CPU.Build.0 = Release|Any CPU
		{45C00514-74E0-4EBE-9906-1DD485EA4628}.Debug|Any CPU.ActiveCfg = Debug|Any CPU
		{45C00514-74E0-4EBE-9906-1DD485EA4628}.Debug|Any CPU.Build.0 = Debug|Any CPU
		{45C00514-74E0-4EBE-9906-1DD485EA4628}.Release|Any CPU.ActiveCfg = Release|Any CPU
		{45C00514-74E0-4EBE-9906-1DD485EA4628}.Release|Any CPU.Build.0 = Release|Any CPU
		{78ABF478-B495-49E2-9FD2-B15A437F6481}.Debug|Any CPU.ActiveCfg = Debug|Any CPU
		{78ABF478-B495-49E2-9FD2-B15A437F6481}.Debug|Any CPU.Build.0 = Debug|Any CPU
		{78ABF478-B495-49E2-9FD2-B15A437F6481}.Release|Any CPU.ActiveCfg = Release|Any CPU
		{78ABF478-B495-49E2-9FD2-B15A437F6481}.Release|Any CPU.Build.0 = Release|Any CPU
		{DC5A825B-4DDC-405A-BED8-30128960B828}.Debug|Any CPU.ActiveCfg = Debug|Any CPU
		{DC5A825B-4DDC-405A-BED8-30128960B828}.Debug|Any CPU.Build.0 = Debug|Any CPU
		{DC5A825B-4DDC-405A-BED8-30128960B828}.Release|Any CPU.ActiveCfg = Release|Any CPU
		{DC5A825B-4DDC-405A-BED8-30128960B828}.Release|Any CPU.Build.0 = Release|Any CPU
		{0406C676-E9E0-419A-9D6F-54A2504F33A3}.Debug|Any CPU.ActiveCfg = Debug|Any CPU
		{0406C676-E9E0-419A-9D6F-54A2504F33A3}.Debug|Any CPU.Build.0 = Debug|Any CPU
		{0406C676-E9E0-419A-9D6F-54A2504F33A3}.Release|Any CPU.ActiveCfg = Release|Any CPU
		{0406C676-E9E0-419A-9D6F-54A2504F33A3}.Release|Any CPU.Build.0 = Release|Any CPU
		{5B838D1C-E2D5-4D8A-B713-2334901A38A1}.Debug|Any CPU.ActiveCfg = Debug|Any CPU
		{5B838D1C-E2D5-4D8A-B713-2334901A38A1}.Debug|Any CPU.Build.0 = Debug|Any CPU
		{5B838D1C-E2D5-4D8A-B713-2334901A38A1}.Release|Any CPU.ActiveCfg = Release|Any CPU
		{5B838D1C-E2D5-4D8A-B713-2334901A38A1}.Release|Any CPU.Build.0 = Release|Any CPU
		{FD0E3AFE-DB35-4BD9-85C8-6C73DA3E7FF9}.Debug|Any CPU.ActiveCfg = Debug|Any CPU
		{FD0E3AFE-DB35-4BD9-85C8-6C73DA3E7FF9}.Debug|Any CPU.Build.0 = Debug|Any CPU
		{FD0E3AFE-DB35-4BD9-85C8-6C73DA3E7FF9}.Release|Any CPU.ActiveCfg = Release|Any CPU
		{FD0E3AFE-DB35-4BD9-85C8-6C73DA3E7FF9}.Release|Any CPU.Build.0 = Release|Any CPU
		{EA00B402-F556-4FF6-A958-99A599C0520C}.Debug|Any CPU.ActiveCfg = Debug|Any CPU
		{EA00B402-F556-4FF6-A958-99A599C0520C}.Debug|Any CPU.Build.0 = Debug|Any CPU
		{EA00B402-F556-4FF6-A958-99A599C0520C}.Release|Any CPU.ActiveCfg = Release|Any CPU
		{EA00B402-F556-4FF6-A958-99A599C0520C}.Release|Any CPU.Build.0 = Release|Any CPU
		{9E2040E7-298B-466F-92BD-BE43D8FCC181}.Debug|Any CPU.ActiveCfg = Debug|Any CPU
		{9E2040E7-298B-466F-92BD-BE43D8FCC181}.Debug|Any CPU.Build.0 = Debug|Any CPU
		{9E2040E7-298B-466F-92BD-BE43D8FCC181}.Release|Any CPU.ActiveCfg = Release|Any CPU
		{9E2040E7-298B-466F-92BD-BE43D8FCC181}.Release|Any CPU.Build.0 = Release|Any CPU
		{7A0F6D94-E2D2-45DC-B3AD-28FE49C28CAC}.Debug|Any CPU.ActiveCfg = Debug|Any CPU
		{7A0F6D94-E2D2-45DC-B3AD-28FE49C28CAC}.Debug|Any CPU.Build.0 = Debug|Any CPU
		{7A0F6D94-E2D2-45DC-B3AD-28FE49C28CAC}.Release|Any CPU.ActiveCfg = Release|Any CPU
		{7A0F6D94-E2D2-45DC-B3AD-28FE49C28CAC}.Release|Any CPU.Build.0 = Release|Any CPU
		{20824B4F-69A4-4306-B9D8-7309F9DCF2EB}.Debug|Any CPU.ActiveCfg = Debug|Any CPU
		{20824B4F-69A4-4306-B9D8-7309F9DCF2EB}.Debug|Any CPU.Build.0 = Debug|Any CPU
		{20824B4F-69A4-4306-B9D8-7309F9DCF2EB}.Release|Any CPU.ActiveCfg = Release|Any CPU
		{20824B4F-69A4-4306-B9D8-7309F9DCF2EB}.Release|Any CPU.Build.0 = Release|Any CPU
		{5D779F59-AAD6-436F-86EE-CC7B016E4454}.Debug|Any CPU.ActiveCfg = Debug|Any CPU
		{5D779F59-AAD6-436F-86EE-CC7B016E4454}.Debug|Any CPU.Build.0 = Debug|Any CPU
		{5D779F59-AAD6-436F-86EE-CC7B016E4454}.Release|Any CPU.ActiveCfg = Release|Any CPU
		{5D779F59-AAD6-436F-86EE-CC7B016E4454}.Release|Any CPU.Build.0 = Release|Any CPU
		{84B7A209-BEED-4755-8025-AE35168A9470}.Debug|Any CPU.ActiveCfg = Debug|Any CPU
		{84B7A209-BEED-4755-8025-AE35168A9470}.Debug|Any CPU.Build.0 = Debug|Any CPU
		{84B7A209-BEED-4755-8025-AE35168A9470}.Release|Any CPU.ActiveCfg = Release|Any CPU
		{84B7A209-BEED-4755-8025-AE35168A9470}.Release|Any CPU.Build.0 = Release|Any CPU
		{17047267-330C-4BD9-94AA-DF9FF67BF48B}.Debug|Any CPU.ActiveCfg = Debug|Any CPU
		{17047267-330C-4BD9-94AA-DF9FF67BF48B}.Debug|Any CPU.Build.0 = Debug|Any CPU
		{17047267-330C-4BD9-94AA-DF9FF67BF48B}.Release|Any CPU.ActiveCfg = Release|Any CPU
		{17047267-330C-4BD9-94AA-DF9FF67BF48B}.Release|Any CPU.Build.0 = Release|Any CPU
		{096F668B-F45A-4DC6-9B31-923451F3ECCA}.Debug|Any CPU.ActiveCfg = Debug|Any CPU
		{096F668B-F45A-4DC6-9B31-923451F3ECCA}.Debug|Any CPU.Build.0 = Debug|Any CPU
		{096F668B-F45A-4DC6-9B31-923451F3ECCA}.Release|Any CPU.ActiveCfg = Release|Any CPU
		{096F668B-F45A-4DC6-9B31-923451F3ECCA}.Release|Any CPU.Build.0 = Release|Any CPU
	EndGlobalSection
	GlobalSection(SolutionProperties) = preSolution
		HideSolutionNode = FALSE
	EndGlobalSection
	GlobalSection(NestedProjects) = preSolution
		{6229FC1B-5E3A-4BEA-8516-C2E9EB72282D} = {0182B46F-0B08-4C5D-BC32-6F2B3B5B5201}
		{D549C29A-22F8-4A43-A57D-BD09A9593AA7} = {0182B46F-0B08-4C5D-BC32-6F2B3B5B5201}
		{440D1E02-76BD-4D35-8E31-790AA2F1D317} = {01D5BAD6-FE0C-4D7D-A4EB-506FF11D918F}
		{6ABEA1E9-F07F-4BA2-AEEE-CAE34A644037} = {440D1E02-76BD-4D35-8E31-790AA2F1D317}
		{91331E92-4DD0-499F-B84D-99DC7D857404} = {01D5BAD6-FE0C-4D7D-A4EB-506FF11D918F}
		{3D4AB02C-4A47-4100-9141-89ED644A286C} = {91331E92-4DD0-499F-B84D-99DC7D857404}
		{1C559B98-9D52-45A4-A9DF-49D128E02801} = {01D5BAD6-FE0C-4D7D-A4EB-506FF11D918F}
		{808D9BDD-4EAE-4F17-AEA7-C0560DCB7D22} = {1C559B98-9D52-45A4-A9DF-49D128E02801}
		{43B803DB-69B6-488B-8BAA-7D2FD228AA7C} = {1C559B98-9D52-45A4-A9DF-49D128E02801}
		{1CDF47A7-6757-418D-8660-96C1E69950D9} = {1494D717-CD97-4AEF-88F6-963DC14E465C}
		{55EB6166-E488-4ADE-9741-22CD1C9815D7} = {17061180-AF32-4241-BD2A-3AC1AC43532E}
		{9AE441DC-BC88-41CE-93E1-86A9412C7DA7} = {17061180-AF32-4241-BD2A-3AC1AC43532E}
		{45C00514-74E0-4EBE-9906-1DD485EA4628} = {9AE441DC-BC88-41CE-93E1-86A9412C7DA7}
		{78ABF478-B495-49E2-9FD2-B15A437F6481} = {9AE441DC-BC88-41CE-93E1-86A9412C7DA7}
		{DC5A825B-4DDC-405A-BED8-30128960B828} = {A67F74A7-9F9B-4FB4-B36E-1CE0F4B31C79}
		{BD2E121F-33B1-4516-9449-2C6977450A81} = {A67F74A7-9F9B-4FB4-B36E-1CE0F4B31C79}
		{0406C676-E9E0-419A-9D6F-54A2504F33A3} = {BD2E121F-33B1-4516-9449-2C6977450A81}
		{5B838D1C-E2D5-4D8A-B713-2334901A38A1} = {BD2E121F-33B1-4516-9449-2C6977450A81}
		{41B76C51-8E86-4F65-AFAE-A2BB6A41823A} = {7ED2CE8C-3C6E-4C02-85C2-1DEB62314DC2}
		{FD0E3AFE-DB35-4BD9-85C8-6C73DA3E7FF9} = {41B76C51-8E86-4F65-AFAE-A2BB6A41823A}
		{EA00B402-F556-4FF6-A958-99A599C0520C} = {41B76C51-8E86-4F65-AFAE-A2BB6A41823A}
		{9E2040E7-298B-466F-92BD-BE43D8FCC181} = {41B76C51-8E86-4F65-AFAE-A2BB6A41823A}
		{7A0F6D94-E2D2-45DC-B3AD-28FE49C28CAC} = {41B76C51-8E86-4F65-AFAE-A2BB6A41823A}
		{20824B4F-69A4-4306-B9D8-7309F9DCF2EB} = {4B5A1037-CC2D-4E01-B4AE-BF3B4ABD4CD5}
		{E3FEE521-D43E-45C9-A474-9A14133D5EE3} = {4B5A1037-CC2D-4E01-B4AE-BF3B4ABD4CD5}
		{5D779F59-AAD6-436F-86EE-CC7B016E4454} = {E3FEE521-D43E-45C9-A474-9A14133D5EE3}
		{84B7A209-BEED-4755-8025-AE35168A9470} = {E3FEE521-D43E-45C9-A474-9A14133D5EE3}
		{17047267-330C-4BD9-94AA-DF9FF67BF48B} = {FA0D1EDF-185F-452E-B883-B96A3D50BDE7}
		{096F668B-F45A-4DC6-9B31-923451F3ECCA} = {FA0D1EDF-185F-452E-B883-B96A3D50BDE7}
	EndGlobalSection
	GlobalSection(ExtensibilityGlobals) = postSolution
		SolutionGuid = {E70EE8C6-49B4-4F08-BEC8-7C5BF5DDF0DA}
	EndGlobalSection
EndGlobal
