
Microsoft Visual Studio Solution File, Format Version 12.00
# Visual Studio Version 17
VisualStudioVersion = 17.9.34607.119
MinimumVisualStudioVersion = 10.0.40219.1
Project("{2150E333-8FDC-42A3-9474-1A3956D46DE8}") = "Chapter01", "Chapter01", "{0182B46F-0B08-4C5D-BC32-6F2B3B5B5201}"
EndProject
Project("{FAE04EC0-301F-11D3-BF4B-00C04F79EFBC}") = "ProductSample", "Chapter01\ProductSample\ProductSample.csproj", "{6229FC1B-5E3A-4BEA-8516-C2E9EB72282D}"
EndProject
Project("{FAE04EC0-301F-11D3-BF4B-00C04F79EFBC}") = "Sample_p38", "Chapter01\Sample_p38\Sample_p38.csproj", "{D549C29A-22F8-4A43-A57D-BD09A9593AA7}"
EndProject
Project("{2150E333-8FDC-42A3-9474-1A3956D46DE8}") = "Chapter02", "Chapter02", "{01D5BAD6-FE0C-4D7D-A4EB-506FF11D918F}"
EndProject
Project("{2150E333-8FDC-42A3-9474-1A3956D46DE8}") = "距離換算プログラム", "距離換算プログラム", "{440D1E02-76BD-4D35-8E31-790AA2F1D317}"
EndProject
Project("{FAE04EC0-301F-11D3-BF4B-00C04F79EFBC}") = "DistanceConverter", "Chapter02\DistanceConverter\DistanceConverter.csproj", "{6ABEA1E9-F07F-4BA2-AEEE-CAE34A644037}"
EndProject
Project("{2150E333-8FDC-42A3-9474-1A3956D46DE8}") = "売り上げ集計プログラム", "売り上げ集計プログラム", "{91331E92-4DD0-499F-B84D-99DC7D857404}"
EndProject
Project("{FAE04EC0-301F-11D3-BF4B-00C04F79EFBC}") = "SalesCounter", "Chapter02\SalesCounter\SalesCounter.csproj", "{3D4AB02C-4A47-4100-9141-89ED644A286C}"
EndProject
Project("{2150E333-8FDC-42A3-9474-1A3956D46DE8}") = "#演習問題", "#演習問題", "{1C559B98-9D52-45A4-A9DF-49D128E02801}"
EndProject
Project("{FAE04EC0-301F-11D3-BF4B-00C04F79EFBC}") = "Exercise1", "Chapter02\演習問題\Exercise1\Exercise1.csproj", "{808D9BDD-4EAE-4F17-AEA7-C0560DCB7D22}"
EndProject
Project("{FAE04EC0-301F-11D3-BF4B-00C04F79EFBC}") = "Exercise2", "Chapter02\演習問題\Exercise2\Exercise2.csproj", "{43B803DB-69B6-488B-8BAA-7D2FD228AA7C}"
EndProject
Project("{2150E333-8FDC-42A3-9474-1A3956D46DE8}") = "FormApps", "FormApps", "{1494D717-CD97-4AEF-88F6-963DC14E465C}"
EndProject
Project("{9A19103F-16F7-4668-BE54-9A1E7A4F7556}") = "BallApp", "FormApps\BallApp\BallApp.csproj", "{1CDF47A7-6757-418D-8660-96C1E69950D9}"
EndProject
Project("{2150E333-8FDC-42A3-9474-1A3956D46DE8}") = "Chapter03", "Chapter03", "{17061180-AF32-4241-BD2A-3AC1AC43532E}"
EndProject
Project("{FAE04EC0-301F-11D3-BF4B-00C04F79EFBC}") = "Section01", "Chapter03\Section01\Section01.csproj", "{55EB6166-E488-4ADE-9741-22CD1C9815D7}"
EndProject
Project("{2150E333-8FDC-42A3-9474-1A3956D46DE8}") = "演習問題", "演習問題", "{9AE441DC-BC88-41CE-93E1-86A9412C7DA7}"
EndProject
Project("{FAE04EC0-301F-11D3-BF4B-00C04F79EFBC}") = "Exercise01", "Chapter03\演習問題\Exercise01\Exercise01.csproj", "{45C00514-74E0-4EBE-9906-1DD485EA4628}"
EndProject
Project("{FAE04EC0-301F-11D3-BF4B-00C04F79EFBC}") = "Exercise02", "Chapter03\演習問題\Exercise02\Exercise02.csproj", "{78ABF478-B495-49E2-9FD2-B15A437F6481}"
EndProject
Project("{2150E333-8FDC-42A3-9474-1A3956D46DE8}") = "chapter04", "chapter04", "{A67F74A7-9F9B-4FB4-B36E-1CE0F4B31C79}"
EndProject
Project("{FAE04EC0-301F-11D3-BF4B-00C04F79EFBC}") = "Section01", "chapter04\Section01\Section01.csproj", "{DC5A825B-4DDC-405A-BED8-30128960B828}"
EndProject
Project("{2150E333-8FDC-42A3-9474-1A3956D46DE8}") = "演習問題", "演習問題", "{BD2E121F-33B1-4516-9449-2C6977450A81}"
EndProject
Project("{FAE04EC0-301F-11D3-BF4B-00C04F79EFBC}") = "Exercise01", "chapter04\演習問題\Exercise01\Exercise01.csproj", "{0406C676-E9E0-419A-9D6F-54A2504F33A3}"
EndProject
Project("{FAE04EC0-301F-11D3-BF4B-00C04F79EFBC}") = "Exercise02", "chapter04\演習問題\Exercise02\Exercise02.csproj", "{5B838D1C-E2D5-4D8A-B713-2334901A38A1}"
EndProject
Project("{2150E333-8FDC-42A3-9474-1A3956D46DE8}") = "Chapter05", "Chapter05", "{7ED2CE8C-3C6E-4C02-85C2-1DEB62314DC2}"
EndProject
Project("{2150E333-8FDC-42A3-9474-1A3956D46DE8}") = "演習問題", "演習問題", "{41B76C51-8E86-4F65-AFAE-A2BB6A41823A}"
EndProject
Project("{FAE04EC0-301F-11D3-BF4B-00C04F79EFBC}") = "Exercise01", "Chapter05\演習問題\Exercise01\Exercise01.csproj", "{FD0E3AFE-DB35-4BD9-85C8-6C73DA3E7FF9}"
EndProject
Project("{FAE04EC0-301F-11D3-BF4B-00C04F79EFBC}") = "Exercise02", "Chapter05\演習問題\Exercise02\Exercise02.csproj", "{EA00B402-F556-4FF6-A958-99A599C0520C}"
EndProject
Project("{FAE04EC0-301F-11D3-BF4B-00C04F79EFBC}") = "Exercise03", "Chapter05\演習問題\Exercise03\Exercise03.csproj", "{9E2040E7-298B-466F-92BD-BE43D8FCC181}"
EndProject
Project("{FAE04EC0-301F-11D3-BF4B-00C04F79EFBC}") = "Exercise04", "Chapter05\演習問題\Exercise04\Exercise04.csproj", "{7A0F6D94-E2D2-45DC-B3AD-28FE49C28CAC}"
EndProject
Project("{2150E333-8FDC-42A3-9474-1A3956D46DE8}") = "Chapter06", "Chapter06", "{4B5A1037-CC2D-4E01-B4AE-BF3B4ABD4CD5}"
EndProject
Project("{FAE04EC0-301F-11D3-BF4B-00C04F79EFBC}") = "Section01", "Chapter06\Section01\Section01.csproj", "{20824B4F-69A4-4306-B9D8-7309F9DCF2EB}"
EndProject
Project("{2150E333-8FDC-42A3-9474-1A3956D46DE8}") = "演習問題", "演習問題", "{E3FEE521-D43E-45C9-A474-9A14133D5EE3}"
EndProject
Project("{FAE04EC0-301F-11D3-BF4B-00C04F79EFBC}") = "Exercise01", "Chapter06\演習問題\Exercise01\Exercise01.csproj", "{5D779F59-AAD6-436F-86EE-CC7B016E4454}"
EndProject
Project("{FAE04EC0-301F-11D3-BF4B-00C04F79EFBC}") = "Exercise02", "Chapter06\演習問題\Exercise02\Exercise02.csproj", "{84B7A209-BEED-4755-8025-AE35168A9470}"
EndProject
Project("{2150E333-8FDC-42A3-9474-1A3956D46DE8}") = "Chapter07", "Chapter07", "{FA0D1EDF-185F-452E-B883-B96A3D50BDE7}"
EndProject
Project("{FAE04EC0-301F-11D3-BF4B-00C04F79EFBC}") = "Section01", "Chapter07\Section01\Section01.csproj", "{17047267-330C-4BD9-94AA-DF9FF67BF48B}"
EndProject
Project("{FAE04EC0-301F-11D3-BF4B-00C04F79EFBC}") = "Section02", "Chapter07\Section02\Section02.csproj", "{096F668B-F45A-4DC6-9B31-923451F3ECCA}"
EndProject
Project("{2150E333-8FDC-42A3-9474-1A3956D46DE8}") = "Test2406", "Test2406", "{1A255870-57FF-4533-AA1A-B70196252CDD}"
EndProject
Project("{FAE04EC0-301F-11D3-BF4B-00C04F79EFBC}") = "Test01", "TestProject\Test01\Test01.csproj", "{2BFACDC3-F44D-4199-8498-F5C3C4AC0335}"
EndProject
Project("{FAE04EC0-301F-11D3-BF4B-00C04F79EFBC}") = "Test02", "TestProject\Test02\Test02.csproj", "{E461C0A8-8900-485C-B520-E929BA33F712}"
EndProject
Project("{FAE04EC0-301F-11D3-BF4B-00C04F79EFBC}") = "Section03", "Chapter07\Section03\Section03.csproj", "{65BBF82A-76DD-4A72-AA5B-853A00D0C4DB}"
EndProject
Project("{FAE04EC0-301F-11D3-BF4B-00C04F79EFBC}") = "Section04", "Chapter07\Section04\Section04.csproj", "{5091787A-CDD8-4DEB-9203-D15784BD6244}"
EndProject
Project("{2150E333-8FDC-42A3-9474-1A3956D46DE8}") = "Chapter08", "Chapter08", "{1483BB12-28EF-4437-BE5F-59A3D9ECB055}"
EndProject
Project("{FAE04EC0-301F-11D3-BF4B-00C04F79EFBC}") = "Section01", "Chapter08\Section01\Section01.csproj", "{CF31D3CF-6A24-481E-8E18-7AB04B114E56}"
EndProject
Project("{9A19103F-16F7-4668-BE54-9A1E7A4F7556}") = "DateTimeApp", "\\172.16.42.1\学生\2024_情報システム\DateTimeApp\DateTimeApp.csproj", "{7C9D4D61-2D8F-435F-B021-10FF5B098802}"
EndProject
Project("{2150E333-8FDC-42A3-9474-1A3956D46DE8}") = "演習問題", "演習問題", "{20928412-794F-4B34-8288-CD994BC2F842}"
EndProject
Project("{9A19103F-16F7-4668-BE54-9A1E7A4F7556}") = "Exercise01", "Chapter08\演習問題\Exercise01\Exercise01.csproj", "{8E488F1E-1D85-4891-AD6C-89C059F35505}"
EndProject
Project("{9A19103F-16F7-4668-BE54-9A1E7A4F7556}") = "CarReportSystem", "FormApps\CarReportSystem\CarReportSystem.csproj", "{B82543C5-7448-4BDD-823A-13F3323FAEF9}"
EndProject
Project("{2150E333-8FDC-42A3-9474-1A3956D46DE8}") = "Chapter11", "Chapter11", "{8EBE2C33-A457-4677-9AFB-97E67EE35570}"
EndProject
Project("{FAE04EC0-301F-11D3-BF4B-00C04F79EFBC}") = "Section01", "Chapter11\Section01\Section01.csproj", "{05BC5E67-F8F8-4DEF-BACD-6E6A0001ED2C}"
EndProject
Project("{2150E333-8FDC-42A3-9474-1A3956D46DE8}") = "演習問題", "演習問題", "{A1BE9C5D-B95C-4F27-90E2-3A9FC825B5DE}"
EndProject
Project("{FAE04EC0-301F-11D3-BF4B-00C04F79EFBC}") = "Exercise01", "Chapter11\演習問題\Exercise01\Exercise01.csproj", "{CBF745CD-13B1-4C77-B957-558EA73190D2}"
EndProject
Project("{FAE04EC0-301F-11D3-BF4B-00C04F79EFBC}") = "Section02", "Chapter11\Section02\Section02.csproj", "{C381FDA6-175C-4874-8249-DBA8C9241928}"
EndProject
Project("{2150E333-8FDC-42A3-9474-1A3956D46DE8}") = "Chapter12", "Chapter12", "{E490AEA9-9D5C-4502-AA81-77AE5A8A4476}"
EndProject
Project("{FAE04EC0-301F-11D3-BF4B-00C04F79EFBC}") = "Section01", "Chapter12\Section01\Section01.csproj", "{65023E00-9967-4C42-93B1-ED184D8A4416}"
EndProject
Project("{2150E333-8FDC-42A3-9474-1A3956D46DE8}") = "演習問題", "演習問題", "{ABD6B7F5-90EF-425E-B3D9-DE1A323ED82D}"
EndProject
Project("{FAE04EC0-301F-11D3-BF4B-00C04F79EFBC}") = "Exercise01", "Chapter12\演習問題\Exercise01\Exercise01.csproj", "{7C3F3611-1D4F-46DC-BE74-37C11FD74DE1}"
EndProject
Project("{FAE04EC0-301F-11D3-BF4B-00C04F79EFBC}") = "Section02", "Chapter12\Section02\Section02.csproj", "{54889791-07F7-46D9-9924-E6CDB365D993}"
EndProject
Project("{FAE04EC0-301F-11D3-BF4B-00C04F79EFBC}") = "RssReader", "FormApps\RssReader\RssReader.csproj", "{AE16AE2D-A5D6-44E4-A0C3-4020A76CED36}"
EndProject
Project("{2150E333-8FDC-42A3-9474-1A3956D46DE8}") = "Chapter13", "Chapter13", "{5D436E13-6E0B-472F-92C5-A1D3F4789425}"
EndProject
Project("{FAE04EC0-301F-11D3-BF4B-00C04F79EFBC}") = "SampleEntityFramework", "Chapter13\SampleEntityFramework\SampleEntityFramework.csproj", "{0E92D179-663D-4EFD-AD2B-B16F12488226}"
EndProject
Project("{FAE04EC0-301F-11D3-BF4B-00C04F79EFBC}") = "ADOSample", "FormApps\ADOSample\ADOSample.csproj", "{C516136E-5EF8-4EE5-9109-9A1A14A4C635}"
EndProject
Project("{FAE04EC0-301F-11D3-BF4B-00C04F79EFBC}") = "Addsa", "FormApps\Addsa\Addsa.csproj", "{739E901E-4F35-4F79-BC91-B8517F58207D}"
EndProject
Project("{2150E333-8FDC-42A3-9474-1A3956D46DE8}") = "新しいフォルダー1", "新しいフォルダー1", "{0FE2AFE5-5916-42C4-9E8D-ADDEF79830D7}"
EndProject
Project("{2150E333-8FDC-42A3-9474-1A3956D46DE8}") = "Chapter15", "Chapter15", "{9C83E324-8A4C-4015-87C1-2D5BC8924CAD}"
EndProject
Project("{FAE04EC0-301F-11D3-BF4B-00C04F79EFBC}") = "Section01", "Chapter15\Section01\Section01.csproj", "{D37B29F9-82B4-4F48-9608-5C1FB2BCA77D}"
EndProject
Project("{2150E333-8FDC-42A3-9474-1A3956D46DE8}") = "演習問題", "演習問題", "{B3744056-A1BE-4E2F-A5EF-3DC8385B798F}"
EndProject
Project("{FAE04EC0-301F-11D3-BF4B-00C04F79EFBC}") = "Exercise01", "Chapter15\演習問題\Exercise01\Exercise01.csproj", "{7CEA9D0D-4494-4FD3-92EA-C7129940D3CB}"
EndProject
Project("{2150E333-8FDC-42A3-9474-1A3956D46DE8}") = "Chapter16", "Chapter16", "{62FA3E55-E956-4AAE-A5ED-F933DDF3B8E0}"
EndProject
Project("{FAE04EC0-301F-11D3-BF4B-00C04F79EFBC}") = "Section03", "Chapter16\Section03\Section03.csproj", "{FC342C8E-5CD1-48A1-94F7-6256C9C322B6}"
EndProject
Project("{FAE04EC0-301F-11D3-BF4B-00C04F79EFBC}") = "section04", "Chapter16\section04\section04.csproj", "{4C87E06A-570E-4FAE-9116-0EDBB1CF66A7}"
EndProject
Project("{2150E333-8FDC-42A3-9474-1A3956D46DE8}") = "Chapter17", "Chapter17", "{811F634E-3041-4D93-B17C-9ED01B5C72A7}"
EndProject
Project("{FAE04EC0-301F-11D3-BF4B-00C04F79EFBC}") = "Section01", "Chapter17\Section01\Section01.csproj", "{8DA3D58C-8257-4BF6-BA8A-CBD17F90F545}"
EndProject
Project("{FAE04EC0-301F-11D3-BF4B-00C04F79EFBC}") = "Section02", "Chapter17\Section02\Section02.csproj", "{B351BD3F-1F48-45E5-9BB3-8BC36E25CDC3}"
EndProject
Project("{2150E333-8FDC-42A3-9474-1A3956D46DE8}") = "TemplateMethod", "TemplateMethod", "{C81C223A-A7BB-40DF-A906-40F0DF491325}"
EndProject
Project("{FAE04EC0-301F-11D3-BF4B-00C04F79EFBC}") = "Textfileprocessor", "Chapter17\TemplateMethod\Textfileprocessor\Textfileprocessor.csproj", "{69DEEAAA-C7A6-4130-9F24-24E8F7584C5B}"
EndProject
Project("{FAE04EC0-301F-11D3-BF4B-00C04F79EFBC}") = "LineCounter", "Chapter17\TemplateMethod\LineConuter\LineCounter.csproj", "{08B31848-F8F2-455E-8539-3F05EFD2E515}"
EndProject
Project("{2150E333-8FDC-42A3-9474-1A3956D46DE8}") = "Strategy", "Strategy", "{5EAF36A3-0202-4CD7-9431-196859F0D1AD}"
EndProject
Project("{FAE04EC0-301F-11D3-BF4B-00C04F79EFBC}") = "Distance Converter", "Chapter17\Strategy\Distance Converter\Distance Converter.csproj", "{1560C8C4-A1B2-4FE8-AC09-15BB73F3AAA5}"
EndProject
Project("{FAE04EC0-301F-11D3-BF4B-00C04F79EFBC}") = "TextNumberSizeChange", "Chapter17\TemplateMethod\TextNumberSizeChange\TextNumberSizeChange.csproj", "{C26FA2FF-3166-4D6A-87CC-69677B550519}"
EndProject
Project("{2150E333-8FDC-42A3-9474-1A3956D46DE8}") = "WPF", "WPF", "{5F0CAD97-E1AA-4D08-9A20-89D21A98E437}"
EndProject
Project("{FAE04EC0-301F-11D3-BF4B-00C04F79EFBC}") = "SampleApplication", "WPF\SampleApplication\SampleApplication.csproj", "{3E1E45DA-1C78-47E3-93F8-5C6479C7D407}"
EndProject
Project("{FAE04EC0-301F-11D3-BF4B-00C04F79EFBC}") = "GridSample", "WPF\GridSample\GridSample.csproj", "{86EA5479-35A2-46EC-A38D-9265CE2F4013}"
EndProject
Project("{FAE04EC0-301F-11D3-BF4B-00C04F79EFBC}") = "SampleSlider", "WPF\SampleSlider\SampleSlider.csproj", "{706A17F4-4977-4FB8-964C-A381E960B96E}"
EndProject
Project("{FAE04EC0-301F-11D3-BF4B-00C04F79EFBC}") = "CollarChecker", "WPF\CollarChecker\CollarChecker.csproj", "{AD6EB0B8-E5D4-4201-8179-602E00209A11}"
EndProject
Project("{FAE04EC0-301F-11D3-BF4B-00C04F79EFBC}") = "SampleUnitConverter", "WPF\SampleUnitConverter\SampleUnitConverter.csproj", "{36A1B47E-D426-4FE3-90F9-DB29826CB7F1}"
EndProject
Project("{FAE04EC0-301F-11D3-BF4B-00C04F79EFBC}") = "SampleWeightUnitConverter", "WPF\SampleWeightUnitConverter\SampleWeightUnitConverter.csproj", "{2C94DA4B-4757-4AD0-94E0-60F1C51E13A0}"
EndProject
Project("{FAE04EC0-301F-11D3-BF4B-00C04F79EFBC}") = "VisibilityConverter", "WPF\VisibilityConverter\VisibilityConverter.csproj", "{32DF3E2C-2C41-41FE-A364-6917B7E124EC}"
EndProject
Project("{2150E333-8FDC-42A3-9474-1A3956D46DE8}") = "SQlite", "SQlite", "{6A060E46-80A8-4C4C-9334-4A81ED3AA6C8}"
EndProject
Project("{FAE04EC0-301F-11D3-BF4B-00C04F79EFBC}") = "CustomerApp", "SQLite\CustomerApp\CustomerApp.csproj", "{96D7A81B-A0E0-405D-8845-AB0EFC47C281}"
EndProject
Global
	GlobalSection(SolutionConfigurationPlatforms) = preSolution
		Debug|Any CPU = Debug|Any CPU
		Release|Any CPU = Release|Any CPU
	EndGlobalSection
	GlobalSection(ProjectConfigurationPlatforms) = postSolution
		{6229FC1B-5E3A-4BEA-8516-C2E9EB72282D}.Debug|Any CPU.ActiveCfg = Debug|Any CPU
		{6229FC1B-5E3A-4BEA-8516-C2E9EB72282D}.Debug|Any CPU.Build.0 = Debug|Any CPU
		{6229FC1B-5E3A-4BEA-8516-C2E9EB72282D}.Release|Any CPU.ActiveCfg = Release|Any CPU
		{6229FC1B-5E3A-4BEA-8516-C2E9EB72282D}.Release|Any CPU.Build.0 = Release|Any CPU
		{D549C29A-22F8-4A43-A57D-BD09A9593AA7}.Debug|Any CPU.ActiveCfg = Debug|Any CPU
		{D549C29A-22F8-4A43-A57D-BD09A9593AA7}.Debug|Any CPU.Build.0 = Debug|Any CPU
		{D549C29A-22F8-4A43-A57D-BD09A9593AA7}.Release|Any CPU.ActiveCfg = Release|Any CPU
		{D549C29A-22F8-4A43-A57D-BD09A9593AA7}.Release|Any CPU.Build.0 = Release|Any CPU
		{6ABEA1E9-F07F-4BA2-AEEE-CAE34A644037}.Debug|Any CPU.ActiveCfg = Debug|Any CPU
		{6ABEA1E9-F07F-4BA2-AEEE-CAE34A644037}.Debug|Any CPU.Build.0 = Debug|Any CPU
		{6ABEA1E9-F07F-4BA2-AEEE-CAE34A644037}.Release|Any CPU.ActiveCfg = Release|Any CPU
		{6ABEA1E9-F07F-4BA2-AEEE-CAE34A644037}.Release|Any CPU.Build.0 = Release|Any CPU
		{3D4AB02C-4A47-4100-9141-89ED644A286C}.Debug|Any CPU.ActiveCfg = Debug|Any CPU
		{3D4AB02C-4A47-4100-9141-89ED644A286C}.Debug|Any CPU.Build.0 = Debug|Any CPU
		{3D4AB02C-4A47-4100-9141-89ED644A286C}.Release|Any CPU.ActiveCfg = Release|Any CPU
		{3D4AB02C-4A47-4100-9141-89ED644A286C}.Release|Any CPU.Build.0 = Release|Any CPU
		{808D9BDD-4EAE-4F17-AEA7-C0560DCB7D22}.Debug|Any CPU.ActiveCfg = Debug|Any CPU
		{808D9BDD-4EAE-4F17-AEA7-C0560DCB7D22}.Debug|Any CPU.Build.0 = Debug|Any CPU
		{808D9BDD-4EAE-4F17-AEA7-C0560DCB7D22}.Release|Any CPU.ActiveCfg = Release|Any CPU
		{808D9BDD-4EAE-4F17-AEA7-C0560DCB7D22}.Release|Any CPU.Build.0 = Release|Any CPU
		{43B803DB-69B6-488B-8BAA-7D2FD228AA7C}.Debug|Any CPU.ActiveCfg = Debug|Any CPU
		{43B803DB-69B6-488B-8BAA-7D2FD228AA7C}.Debug|Any CPU.Build.0 = Debug|Any CPU
		{43B803DB-69B6-488B-8BAA-7D2FD228AA7C}.Release|Any CPU.ActiveCfg = Release|Any CPU
		{43B803DB-69B6-488B-8BAA-7D2FD228AA7C}.Release|Any CPU.Build.0 = Release|Any CPU
		{1CDF47A7-6757-418D-8660-96C1E69950D9}.Debug|Any CPU.ActiveCfg = Debug|Any CPU
		{1CDF47A7-6757-418D-8660-96C1E69950D9}.Debug|Any CPU.Build.0 = Debug|Any CPU
		{1CDF47A7-6757-418D-8660-96C1E69950D9}.Release|Any CPU.ActiveCfg = Release|Any CPU
		{1CDF47A7-6757-418D-8660-96C1E69950D9}.Release|Any CPU.Build.0 = Release|Any CPU
		{55EB6166-E488-4ADE-9741-22CD1C9815D7}.Debug|Any CPU.ActiveCfg = Debug|Any CPU
		{55EB6166-E488-4ADE-9741-22CD1C9815D7}.Debug|Any CPU.Build.0 = Debug|Any CPU
		{55EB6166-E488-4ADE-9741-22CD1C9815D7}.Release|Any CPU.ActiveCfg = Release|Any CPU
		{55EB6166-E488-4ADE-9741-22CD1C9815D7}.Release|Any CPU.Build.0 = Release|Any CPU
		{45C00514-74E0-4EBE-9906-1DD485EA4628}.Debug|Any CPU.ActiveCfg = Debug|Any CPU
		{45C00514-74E0-4EBE-9906-1DD485EA4628}.Debug|Any CPU.Build.0 = Debug|Any CPU
		{45C00514-74E0-4EBE-9906-1DD485EA4628}.Release|Any CPU.ActiveCfg = Release|Any CPU
		{45C00514-74E0-4EBE-9906-1DD485EA4628}.Release|Any CPU.Build.0 = Release|Any CPU
		{78ABF478-B495-49E2-9FD2-B15A437F6481}.Debug|Any CPU.ActiveCfg = Debug|Any CPU
		{78ABF478-B495-49E2-9FD2-B15A437F6481}.Debug|Any CPU.Build.0 = Debug|Any CPU
		{78ABF478-B495-49E2-9FD2-B15A437F6481}.Release|Any CPU.ActiveCfg = Release|Any CPU
		{78ABF478-B495-49E2-9FD2-B15A437F6481}.Release|Any CPU.Build.0 = Release|Any CPU
		{DC5A825B-4DDC-405A-BED8-30128960B828}.Debug|Any CPU.ActiveCfg = Debug|Any CPU
		{DC5A825B-4DDC-405A-BED8-30128960B828}.Debug|Any CPU.Build.0 = Debug|Any CPU
		{DC5A825B-4DDC-405A-BED8-30128960B828}.Release|Any CPU.ActiveCfg = Release|Any CPU
		{DC5A825B-4DDC-405A-BED8-30128960B828}.Release|Any CPU.Build.0 = Release|Any CPU
		{0406C676-E9E0-419A-9D6F-54A2504F33A3}.Debug|Any CPU.ActiveCfg = Debug|Any CPU
		{0406C676-E9E0-419A-9D6F-54A2504F33A3}.Debug|Any CPU.Build.0 = Debug|Any CPU
		{0406C676-E9E0-419A-9D6F-54A2504F33A3}.Release|Any CPU.ActiveCfg = Release|Any CPU
		{0406C676-E9E0-419A-9D6F-54A2504F33A3}.Release|Any CPU.Build.0 = Release|Any CPU
		{5B838D1C-E2D5-4D8A-B713-2334901A38A1}.Debug|Any CPU.ActiveCfg = Debug|Any CPU
		{5B838D1C-E2D5-4D8A-B713-2334901A38A1}.Debug|Any CPU.Build.0 = Debug|Any CPU
		{5B838D1C-E2D5-4D8A-B713-2334901A38A1}.Release|Any CPU.ActiveCfg = Release|Any CPU
		{5B838D1C-E2D5-4D8A-B713-2334901A38A1}.Release|Any CPU.Build.0 = Release|Any CPU
		{FD0E3AFE-DB35-4BD9-85C8-6C73DA3E7FF9}.Debug|Any CPU.ActiveCfg = Debug|Any CPU
		{FD0E3AFE-DB35-4BD9-85C8-6C73DA3E7FF9}.Debug|Any CPU.Build.0 = Debug|Any CPU
		{FD0E3AFE-DB35-4BD9-85C8-6C73DA3E7FF9}.Release|Any CPU.ActiveCfg = Release|Any CPU
		{FD0E3AFE-DB35-4BD9-85C8-6C73DA3E7FF9}.Release|Any CPU.Build.0 = Release|Any CPU
		{EA00B402-F556-4FF6-A958-99A599C0520C}.Debug|Any CPU.ActiveCfg = Debug|Any CPU
		{EA00B402-F556-4FF6-A958-99A599C0520C}.Debug|Any CPU.Build.0 = Debug|Any CPU
		{EA00B402-F556-4FF6-A958-99A599C0520C}.Release|Any CPU.ActiveCfg = Release|Any CPU
		{EA00B402-F556-4FF6-A958-99A599C0520C}.Release|Any CPU.Build.0 = Release|Any CPU
		{9E2040E7-298B-466F-92BD-BE43D8FCC181}.Debug|Any CPU.ActiveCfg = Debug|Any CPU
		{9E2040E7-298B-466F-92BD-BE43D8FCC181}.Debug|Any CPU.Build.0 = Debug|Any CPU
		{9E2040E7-298B-466F-92BD-BE43D8FCC181}.Release|Any CPU.ActiveCfg = Release|Any CPU
		{9E2040E7-298B-466F-92BD-BE43D8FCC181}.Release|Any CPU.Build.0 = Release|Any CPU
		{7A0F6D94-E2D2-45DC-B3AD-28FE49C28CAC}.Debug|Any CPU.ActiveCfg = Debug|Any CPU
		{7A0F6D94-E2D2-45DC-B3AD-28FE49C28CAC}.Debug|Any CPU.Build.0 = Debug|Any CPU
		{7A0F6D94-E2D2-45DC-B3AD-28FE49C28CAC}.Release|Any CPU.ActiveCfg = Release|Any CPU
		{7A0F6D94-E2D2-45DC-B3AD-28FE49C28CAC}.Release|Any CPU.Build.0 = Release|Any CPU
		{20824B4F-69A4-4306-B9D8-7309F9DCF2EB}.Debug|Any CPU.ActiveCfg = Debug|Any CPU
		{20824B4F-69A4-4306-B9D8-7309F9DCF2EB}.Debug|Any CPU.Build.0 = Debug|Any CPU
		{20824B4F-69A4-4306-B9D8-7309F9DCF2EB}.Release|Any CPU.ActiveCfg = Release|Any CPU
		{20824B4F-69A4-4306-B9D8-7309F9DCF2EB}.Release|Any CPU.Build.0 = Release|Any CPU
		{5D779F59-AAD6-436F-86EE-CC7B016E4454}.Debug|Any CPU.ActiveCfg = Debug|Any CPU
		{5D779F59-AAD6-436F-86EE-CC7B016E4454}.Debug|Any CPU.Build.0 = Debug|Any CPU
		{5D779F59-AAD6-436F-86EE-CC7B016E4454}.Release|Any CPU.ActiveCfg = Release|Any CPU
		{5D779F59-AAD6-436F-86EE-CC7B016E4454}.Release|Any CPU.Build.0 = Release|Any CPU
		{84B7A209-BEED-4755-8025-AE35168A9470}.Debug|Any CPU.ActiveCfg = Debug|Any CPU
		{84B7A209-BEED-4755-8025-AE35168A9470}.Debug|Any CPU.Build.0 = Debug|Any CPU
		{84B7A209-BEED-4755-8025-AE35168A9470}.Release|Any CPU.ActiveCfg = Release|Any CPU
		{84B7A209-BEED-4755-8025-AE35168A9470}.Release|Any CPU.Build.0 = Release|Any CPU
		{17047267-330C-4BD9-94AA-DF9FF67BF48B}.Debug|Any CPU.ActiveCfg = Debug|Any CPU
		{17047267-330C-4BD9-94AA-DF9FF67BF48B}.Debug|Any CPU.Build.0 = Debug|Any CPU
		{17047267-330C-4BD9-94AA-DF9FF67BF48B}.Release|Any CPU.ActiveCfg = Release|Any CPU
		{17047267-330C-4BD9-94AA-DF9FF67BF48B}.Release|Any CPU.Build.0 = Release|Any CPU
		{096F668B-F45A-4DC6-9B31-923451F3ECCA}.Debug|Any CPU.ActiveCfg = Debug|Any CPU
		{096F668B-F45A-4DC6-9B31-923451F3ECCA}.Debug|Any CPU.Build.0 = Debug|Any CPU
		{096F668B-F45A-4DC6-9B31-923451F3ECCA}.Release|Any CPU.ActiveCfg = Release|Any CPU
		{096F668B-F45A-4DC6-9B31-923451F3ECCA}.Release|Any CPU.Build.0 = Release|Any CPU
		{2BFACDC3-F44D-4199-8498-F5C3C4AC0335}.Debug|Any CPU.ActiveCfg = Debug|Any CPU
		{2BFACDC3-F44D-4199-8498-F5C3C4AC0335}.Debug|Any CPU.Build.0 = Debug|Any CPU
		{2BFACDC3-F44D-4199-8498-F5C3C4AC0335}.Release|Any CPU.ActiveCfg = Release|Any CPU
		{2BFACDC3-F44D-4199-8498-F5C3C4AC0335}.Release|Any CPU.Build.0 = Release|Any CPU
		{E461C0A8-8900-485C-B520-E929BA33F712}.Debug|Any CPU.ActiveCfg = Debug|Any CPU
		{E461C0A8-8900-485C-B520-E929BA33F712}.Debug|Any CPU.Build.0 = Debug|Any CPU
		{E461C0A8-8900-485C-B520-E929BA33F712}.Release|Any CPU.ActiveCfg = Release|Any CPU
		{E461C0A8-8900-485C-B520-E929BA33F712}.Release|Any CPU.Build.0 = Release|Any CPU
		{65BBF82A-76DD-4A72-AA5B-853A00D0C4DB}.Debug|Any CPU.ActiveCfg = Debug|Any CPU
		{65BBF82A-76DD-4A72-AA5B-853A00D0C4DB}.Debug|Any CPU.Build.0 = Debug|Any CPU
		{65BBF82A-76DD-4A72-AA5B-853A00D0C4DB}.Release|Any CPU.ActiveCfg = Release|Any CPU
		{65BBF82A-76DD-4A72-AA5B-853A00D0C4DB}.Release|Any CPU.Build.0 = Release|Any CPU
		{5091787A-CDD8-4DEB-9203-D15784BD6244}.Debug|Any CPU.ActiveCfg = Debug|Any CPU
		{5091787A-CDD8-4DEB-9203-D15784BD6244}.Debug|Any CPU.Build.0 = Debug|Any CPU
		{5091787A-CDD8-4DEB-9203-D15784BD6244}.Release|Any CPU.ActiveCfg = Release|Any CPU
		{5091787A-CDD8-4DEB-9203-D15784BD6244}.Release|Any CPU.Build.0 = Release|Any CPU
		{CF31D3CF-6A24-481E-8E18-7AB04B114E56}.Debug|Any CPU.ActiveCfg = Debug|Any CPU
		{CF31D3CF-6A24-481E-8E18-7AB04B114E56}.Debug|Any CPU.Build.0 = Debug|Any CPU
		{CF31D3CF-6A24-481E-8E18-7AB04B114E56}.Release|Any CPU.ActiveCfg = Release|Any CPU
		{CF31D3CF-6A24-481E-8E18-7AB04B114E56}.Release|Any CPU.Build.0 = Release|Any CPU
		{7C9D4D61-2D8F-435F-B021-10FF5B098802}.Debug|Any CPU.ActiveCfg = Debug|Any CPU
		{7C9D4D61-2D8F-435F-B021-10FF5B098802}.Debug|Any CPU.Build.0 = Debug|Any CPU
		{7C9D4D61-2D8F-435F-B021-10FF5B098802}.Release|Any CPU.ActiveCfg = Release|Any CPU
		{7C9D4D61-2D8F-435F-B021-10FF5B098802}.Release|Any CPU.Build.0 = Release|Any CPU
		{8E488F1E-1D85-4891-AD6C-89C059F35505}.Debug|Any CPU.ActiveCfg = Debug|Any CPU
		{8E488F1E-1D85-4891-AD6C-89C059F35505}.Debug|Any CPU.Build.0 = Debug|Any CPU
		{8E488F1E-1D85-4891-AD6C-89C059F35505}.Release|Any CPU.ActiveCfg = Release|Any CPU
		{8E488F1E-1D85-4891-AD6C-89C059F35505}.Release|Any CPU.Build.0 = Release|Any CPU
		{B82543C5-7448-4BDD-823A-13F3323FAEF9}.Debug|Any CPU.ActiveCfg = Debug|Any CPU
		{B82543C5-7448-4BDD-823A-13F3323FAEF9}.Debug|Any CPU.Build.0 = Debug|Any CPU
		{B82543C5-7448-4BDD-823A-13F3323FAEF9}.Release|Any CPU.ActiveCfg = Release|Any CPU
		{B82543C5-7448-4BDD-823A-13F3323FAEF9}.Release|Any CPU.Build.0 = Release|Any CPU
		{05BC5E67-F8F8-4DEF-BACD-6E6A0001ED2C}.Debug|Any CPU.ActiveCfg = Debug|Any CPU
		{05BC5E67-F8F8-4DEF-BACD-6E6A0001ED2C}.Debug|Any CPU.Build.0 = Debug|Any CPU
		{05BC5E67-F8F8-4DEF-BACD-6E6A0001ED2C}.Release|Any CPU.ActiveCfg = Release|Any CPU
		{05BC5E67-F8F8-4DEF-BACD-6E6A0001ED2C}.Release|Any CPU.Build.0 = Release|Any CPU
		{CBF745CD-13B1-4C77-B957-558EA73190D2}.Debug|Any CPU.ActiveCfg = Debug|Any CPU
		{CBF745CD-13B1-4C77-B957-558EA73190D2}.Debug|Any CPU.Build.0 = Debug|Any CPU
		{CBF745CD-13B1-4C77-B957-558EA73190D2}.Release|Any CPU.ActiveCfg = Release|Any CPU
		{CBF745CD-13B1-4C77-B957-558EA73190D2}.Release|Any CPU.Build.0 = Release|Any CPU
		{C381FDA6-175C-4874-8249-DBA8C9241928}.Debug|Any CPU.ActiveCfg = Debug|Any CPU
		{C381FDA6-175C-4874-8249-DBA8C9241928}.Debug|Any CPU.Build.0 = Debug|Any CPU
		{C381FDA6-175C-4874-8249-DBA8C9241928}.Release|Any CPU.ActiveCfg = Release|Any CPU
		{C381FDA6-175C-4874-8249-DBA8C9241928}.Release|Any CPU.Build.0 = Release|Any CPU
		{65023E00-9967-4C42-93B1-ED184D8A4416}.Debug|Any CPU.ActiveCfg = Debug|Any CPU
		{65023E00-9967-4C42-93B1-ED184D8A4416}.Debug|Any CPU.Build.0 = Debug|Any CPU
		{65023E00-9967-4C42-93B1-ED184D8A4416}.Release|Any CPU.ActiveCfg = Release|Any CPU
		{65023E00-9967-4C42-93B1-ED184D8A4416}.Release|Any CPU.Build.0 = Release|Any CPU
		{7C3F3611-1D4F-46DC-BE74-37C11FD74DE1}.Debug|Any CPU.ActiveCfg = Debug|Any CPU
		{7C3F3611-1D4F-46DC-BE74-37C11FD74DE1}.Debug|Any CPU.Build.0 = Debug|Any CPU
		{7C3F3611-1D4F-46DC-BE74-37C11FD74DE1}.Release|Any CPU.ActiveCfg = Release|Any CPU
		{7C3F3611-1D4F-46DC-BE74-37C11FD74DE1}.Release|Any CPU.Build.0 = Release|Any CPU
		{54889791-07F7-46D9-9924-E6CDB365D993}.Debug|Any CPU.ActiveCfg = Debug|Any CPU
		{54889791-07F7-46D9-9924-E6CDB365D993}.Debug|Any CPU.Build.0 = Debug|Any CPU
		{54889791-07F7-46D9-9924-E6CDB365D993}.Release|Any CPU.ActiveCfg = Release|Any CPU
		{54889791-07F7-46D9-9924-E6CDB365D993}.Release|Any CPU.Build.0 = Release|Any CPU
		{AE16AE2D-A5D6-44E4-A0C3-4020A76CED36}.Debug|Any CPU.ActiveCfg = Debug|Any CPU
		{AE16AE2D-A5D6-44E4-A0C3-4020A76CED36}.Debug|Any CPU.Build.0 = Debug|Any CPU
		{AE16AE2D-A5D6-44E4-A0C3-4020A76CED36}.Release|Any CPU.ActiveCfg = Release|Any CPU
		{AE16AE2D-A5D6-44E4-A0C3-4020A76CED36}.Release|Any CPU.Build.0 = Release|Any CPU
		{0E92D179-663D-4EFD-AD2B-B16F12488226}.Debug|Any CPU.ActiveCfg = Debug|Any CPU
		{0E92D179-663D-4EFD-AD2B-B16F12488226}.Debug|Any CPU.Build.0 = Debug|Any CPU
		{0E92D179-663D-4EFD-AD2B-B16F12488226}.Release|Any CPU.ActiveCfg = Release|Any CPU
		{0E92D179-663D-4EFD-AD2B-B16F12488226}.Release|Any CPU.Build.0 = Release|Any CPU
		{C516136E-5EF8-4EE5-9109-9A1A14A4C635}.Debug|Any CPU.ActiveCfg = Debug|Any CPU
		{C516136E-5EF8-4EE5-9109-9A1A14A4C635}.Debug|Any CPU.Build.0 = Debug|Any CPU
		{C516136E-5EF8-4EE5-9109-9A1A14A4C635}.Release|Any CPU.ActiveCfg = Release|Any CPU
		{C516136E-5EF8-4EE5-9109-9A1A14A4C635}.Release|Any CPU.Build.0 = Release|Any CPU
		{739E901E-4F35-4F79-BC91-B8517F58207D}.Debug|Any CPU.ActiveCfg = Debug|Any CPU
		{739E901E-4F35-4F79-BC91-B8517F58207D}.Debug|Any CPU.Build.0 = Debug|Any CPU
		{739E901E-4F35-4F79-BC91-B8517F58207D}.Release|Any CPU.ActiveCfg = Release|Any CPU
		{739E901E-4F35-4F79-BC91-B8517F58207D}.Release|Any CPU.Build.0 = Release|Any CPU
		{D37B29F9-82B4-4F48-9608-5C1FB2BCA77D}.Debug|Any CPU.ActiveCfg = Debug|Any CPU
		{D37B29F9-82B4-4F48-9608-5C1FB2BCA77D}.Debug|Any CPU.Build.0 = Debug|Any CPU
		{D37B29F9-82B4-4F48-9608-5C1FB2BCA77D}.Release|Any CPU.ActiveCfg = Release|Any CPU
		{D37B29F9-82B4-4F48-9608-5C1FB2BCA77D}.Release|Any CPU.Build.0 = Release|Any CPU
		{7CEA9D0D-4494-4FD3-92EA-C7129940D3CB}.Debug|Any CPU.ActiveCfg = Debug|Any CPU
		{7CEA9D0D-4494-4FD3-92EA-C7129940D3CB}.Debug|Any CPU.Build.0 = Debug|Any CPU
		{7CEA9D0D-4494-4FD3-92EA-C7129940D3CB}.Release|Any CPU.ActiveCfg = Release|Any CPU
		{7CEA9D0D-4494-4FD3-92EA-C7129940D3CB}.Release|Any CPU.Build.0 = Release|Any CPU
		{FC342C8E-5CD1-48A1-94F7-6256C9C322B6}.Debug|Any CPU.ActiveCfg = Debug|Any CPU
		{FC342C8E-5CD1-48A1-94F7-6256C9C322B6}.Debug|Any CPU.Build.0 = Debug|Any CPU
		{FC342C8E-5CD1-48A1-94F7-6256C9C322B6}.Release|Any CPU.ActiveCfg = Release|Any CPU
		{FC342C8E-5CD1-48A1-94F7-6256C9C322B6}.Release|Any CPU.Build.0 = Release|Any CPU
		{4C87E06A-570E-4FAE-9116-0EDBB1CF66A7}.Debug|Any CPU.ActiveCfg = Debug|Any CPU
		{4C87E06A-570E-4FAE-9116-0EDBB1CF66A7}.Debug|Any CPU.Build.0 = Debug|Any CPU
		{4C87E06A-570E-4FAE-9116-0EDBB1CF66A7}.Release|Any CPU.ActiveCfg = Release|Any CPU
		{4C87E06A-570E-4FAE-9116-0EDBB1CF66A7}.Release|Any CPU.Build.0 = Release|Any CPU
		{8DA3D58C-8257-4BF6-BA8A-CBD17F90F545}.Debug|Any CPU.ActiveCfg = Debug|Any CPU
		{8DA3D58C-8257-4BF6-BA8A-CBD17F90F545}.Debug|Any CPU.Build.0 = Debug|Any CPU
		{8DA3D58C-8257-4BF6-BA8A-CBD17F90F545}.Release|Any CPU.ActiveCfg = Release|Any CPU
		{8DA3D58C-8257-4BF6-BA8A-CBD17F90F545}.Release|Any CPU.Build.0 = Release|Any CPU
		{B351BD3F-1F48-45E5-9BB3-8BC36E25CDC3}.Debug|Any CPU.ActiveCfg = Debug|Any CPU
		{B351BD3F-1F48-45E5-9BB3-8BC36E25CDC3}.Debug|Any CPU.Build.0 = Debug|Any CPU
		{B351BD3F-1F48-45E5-9BB3-8BC36E25CDC3}.Release|Any CPU.ActiveCfg = Release|Any CPU
		{B351BD3F-1F48-45E5-9BB3-8BC36E25CDC3}.Release|Any CPU.Build.0 = Release|Any CPU
		{69DEEAAA-C7A6-4130-9F24-24E8F7584C5B}.Debug|Any CPU.ActiveCfg = Debug|Any CPU
		{69DEEAAA-C7A6-4130-9F24-24E8F7584C5B}.Debug|Any CPU.Build.0 = Debug|Any CPU
		{69DEEAAA-C7A6-4130-9F24-24E8F7584C5B}.Release|Any CPU.ActiveCfg = Release|Any CPU
		{69DEEAAA-C7A6-4130-9F24-24E8F7584C5B}.Release|Any CPU.Build.0 = Release|Any CPU
		{08B31848-F8F2-455E-8539-3F05EFD2E515}.Debug|Any CPU.ActiveCfg = Debug|Any CPU
		{08B31848-F8F2-455E-8539-3F05EFD2E515}.Debug|Any CPU.Build.0 = Debug|Any CPU
		{08B31848-F8F2-455E-8539-3F05EFD2E515}.Release|Any CPU.ActiveCfg = Release|Any CPU
		{08B31848-F8F2-455E-8539-3F05EFD2E515}.Release|Any CPU.Build.0 = Release|Any CPU
		{1560C8C4-A1B2-4FE8-AC09-15BB73F3AAA5}.Debug|Any CPU.ActiveCfg = Debug|Any CPU
		{1560C8C4-A1B2-4FE8-AC09-15BB73F3AAA5}.Debug|Any CPU.Build.0 = Debug|Any CPU
		{1560C8C4-A1B2-4FE8-AC09-15BB73F3AAA5}.Release|Any CPU.ActiveCfg = Release|Any CPU
		{1560C8C4-A1B2-4FE8-AC09-15BB73F3AAA5}.Release|Any CPU.Build.0 = Release|Any CPU
		{C26FA2FF-3166-4D6A-87CC-69677B550519}.Debug|Any CPU.ActiveCfg = Debug|Any CPU
		{C26FA2FF-3166-4D6A-87CC-69677B550519}.Debug|Any CPU.Build.0 = Debug|Any CPU
		{C26FA2FF-3166-4D6A-87CC-69677B550519}.Release|Any CPU.ActiveCfg = Release|Any CPU
		{C26FA2FF-3166-4D6A-87CC-69677B550519}.Release|Any CPU.Build.0 = Release|Any CPU
		{3E1E45DA-1C78-47E3-93F8-5C6479C7D407}.Debug|Any CPU.ActiveCfg = Debug|Any CPU
		{3E1E45DA-1C78-47E3-93F8-5C6479C7D407}.Debug|Any CPU.Build.0 = Debug|Any CPU
		{3E1E45DA-1C78-47E3-93F8-5C6479C7D407}.Release|Any CPU.ActiveCfg = Release|Any CPU
		{3E1E45DA-1C78-47E3-93F8-5C6479C7D407}.Release|Any CPU.Build.0 = Release|Any CPU
		{86EA5479-35A2-46EC-A38D-9265CE2F4013}.Debug|Any CPU.ActiveCfg = Debug|Any CPU
		{86EA5479-35A2-46EC-A38D-9265CE2F4013}.Debug|Any CPU.Build.0 = Debug|Any CPU
		{86EA5479-35A2-46EC-A38D-9265CE2F4013}.Release|Any CPU.ActiveCfg = Release|Any CPU
		{86EA5479-35A2-46EC-A38D-9265CE2F4013}.Release|Any CPU.Build.0 = Release|Any CPU
		{706A17F4-4977-4FB8-964C-A381E960B96E}.Debug|Any CPU.ActiveCfg = Debug|Any CPU
		{706A17F4-4977-4FB8-964C-A381E960B96E}.Debug|Any CPU.Build.0 = Debug|Any CPU
		{706A17F4-4977-4FB8-964C-A381E960B96E}.Release|Any CPU.ActiveCfg = Release|Any CPU
		{706A17F4-4977-4FB8-964C-A381E960B96E}.Release|Any CPU.Build.0 = Release|Any CPU
		{AD6EB0B8-E5D4-4201-8179-602E00209A11}.Debug|Any CPU.ActiveCfg = Debug|Any CPU
		{AD6EB0B8-E5D4-4201-8179-602E00209A11}.Debug|Any CPU.Build.0 = Debug|Any CPU
		{AD6EB0B8-E5D4-4201-8179-602E00209A11}.Release|Any CPU.ActiveCfg = Release|Any CPU
		{AD6EB0B8-E5D4-4201-8179-602E00209A11}.Release|Any CPU.Build.0 = Release|Any CPU
		{36A1B47E-D426-4FE3-90F9-DB29826CB7F1}.Debug|Any CPU.ActiveCfg = Debug|Any CPU
		{36A1B47E-D426-4FE3-90F9-DB29826CB7F1}.Debug|Any CPU.Build.0 = Debug|Any CPU
		{36A1B47E-D426-4FE3-90F9-DB29826CB7F1}.Release|Any CPU.ActiveCfg = Release|Any CPU
		{36A1B47E-D426-4FE3-90F9-DB29826CB7F1}.Release|Any CPU.Build.0 = Release|Any CPU
		{2C94DA4B-4757-4AD0-94E0-60F1C51E13A0}.Debug|Any CPU.ActiveCfg = Debug|Any CPU
		{2C94DA4B-4757-4AD0-94E0-60F1C51E13A0}.Debug|Any CPU.Build.0 = Debug|Any CPU
		{2C94DA4B-4757-4AD0-94E0-60F1C51E13A0}.Release|Any CPU.ActiveCfg = Release|Any CPU
		{2C94DA4B-4757-4AD0-94E0-60F1C51E13A0}.Release|Any CPU.Build.0 = Release|Any CPU
		{32DF3E2C-2C41-41FE-A364-6917B7E124EC}.Debug|Any CPU.ActiveCfg = Debug|Any CPU
		{32DF3E2C-2C41-41FE-A364-6917B7E124EC}.Debug|Any CPU.Build.0 = Debug|Any CPU
		{32DF3E2C-2C41-41FE-A364-6917B7E124EC}.Release|Any CPU.ActiveCfg = Release|Any CPU
		{32DF3E2C-2C41-41FE-A364-6917B7E124EC}.Release|Any CPU.Build.0 = Release|Any CPU
		{96D7A81B-A0E0-405D-8845-AB0EFC47C281}.Debug|Any CPU.ActiveCfg = Debug|Any CPU
		{96D7A81B-A0E0-405D-8845-AB0EFC47C281}.Debug|Any CPU.Build.0 = Debug|Any CPU
		{96D7A81B-A0E0-405D-8845-AB0EFC47C281}.Release|Any CPU.ActiveCfg = Release|Any CPU
		{96D7A81B-A0E0-405D-8845-AB0EFC47C281}.Release|Any CPU.Build.0 = Release|Any CPU
	EndGlobalSection
	GlobalSection(SolutionProperties) = preSolution
		HideSolutionNode = FALSE
	EndGlobalSection
	GlobalSection(NestedProjects) = preSolution
		{6229FC1B-5E3A-4BEA-8516-C2E9EB72282D} = {0182B46F-0B08-4C5D-BC32-6F2B3B5B5201}
		{D549C29A-22F8-4A43-A57D-BD09A9593AA7} = {0182B46F-0B08-4C5D-BC32-6F2B3B5B5201}
		{440D1E02-76BD-4D35-8E31-790AA2F1D317} = {01D5BAD6-FE0C-4D7D-A4EB-506FF11D918F}
		{6ABEA1E9-F07F-4BA2-AEEE-CAE34A644037} = {440D1E02-76BD-4D35-8E31-790AA2F1D317}
		{91331E92-4DD0-499F-B84D-99DC7D857404} = {01D5BAD6-FE0C-4D7D-A4EB-506FF11D918F}
		{3D4AB02C-4A47-4100-9141-89ED644A286C} = {91331E92-4DD0-499F-B84D-99DC7D857404}
		{1C559B98-9D52-45A4-A9DF-49D128E02801} = {01D5BAD6-FE0C-4D7D-A4EB-506FF11D918F}
		{808D9BDD-4EAE-4F17-AEA7-C0560DCB7D22} = {1C559B98-9D52-45A4-A9DF-49D128E02801}
		{43B803DB-69B6-488B-8BAA-7D2FD228AA7C} = {1C559B98-9D52-45A4-A9DF-49D128E02801}
		{1CDF47A7-6757-418D-8660-96C1E69950D9} = {1494D717-CD97-4AEF-88F6-963DC14E465C}
		{55EB6166-E488-4ADE-9741-22CD1C9815D7} = {17061180-AF32-4241-BD2A-3AC1AC43532E}
		{9AE441DC-BC88-41CE-93E1-86A9412C7DA7} = {17061180-AF32-4241-BD2A-3AC1AC43532E}
		{45C00514-74E0-4EBE-9906-1DD485EA4628} = {9AE441DC-BC88-41CE-93E1-86A9412C7DA7}
		{78ABF478-B495-49E2-9FD2-B15A437F6481} = {9AE441DC-BC88-41CE-93E1-86A9412C7DA7}
		{DC5A825B-4DDC-405A-BED8-30128960B828} = {A67F74A7-9F9B-4FB4-B36E-1CE0F4B31C79}
		{BD2E121F-33B1-4516-9449-2C6977450A81} = {A67F74A7-9F9B-4FB4-B36E-1CE0F4B31C79}
		{0406C676-E9E0-419A-9D6F-54A2504F33A3} = {BD2E121F-33B1-4516-9449-2C6977450A81}
		{5B838D1C-E2D5-4D8A-B713-2334901A38A1} = {BD2E121F-33B1-4516-9449-2C6977450A81}
		{41B76C51-8E86-4F65-AFAE-A2BB6A41823A} = {7ED2CE8C-3C6E-4C02-85C2-1DEB62314DC2}
		{FD0E3AFE-DB35-4BD9-85C8-6C73DA3E7FF9} = {41B76C51-8E86-4F65-AFAE-A2BB6A41823A}
		{EA00B402-F556-4FF6-A958-99A599C0520C} = {41B76C51-8E86-4F65-AFAE-A2BB6A41823A}
		{9E2040E7-298B-466F-92BD-BE43D8FCC181} = {41B76C51-8E86-4F65-AFAE-A2BB6A41823A}
		{7A0F6D94-E2D2-45DC-B3AD-28FE49C28CAC} = {41B76C51-8E86-4F65-AFAE-A2BB6A41823A}
		{20824B4F-69A4-4306-B9D8-7309F9DCF2EB} = {4B5A1037-CC2D-4E01-B4AE-BF3B4ABD4CD5}
		{E3FEE521-D43E-45C9-A474-9A14133D5EE3} = {4B5A1037-CC2D-4E01-B4AE-BF3B4ABD4CD5}
		{5D779F59-AAD6-436F-86EE-CC7B016E4454} = {E3FEE521-D43E-45C9-A474-9A14133D5EE3}
		{84B7A209-BEED-4755-8025-AE35168A9470} = {E3FEE521-D43E-45C9-A474-9A14133D5EE3}
		{17047267-330C-4BD9-94AA-DF9FF67BF48B} = {FA0D1EDF-185F-452E-B883-B96A3D50BDE7}
		{096F668B-F45A-4DC6-9B31-923451F3ECCA} = {FA0D1EDF-185F-452E-B883-B96A3D50BDE7}
		{2BFACDC3-F44D-4199-8498-F5C3C4AC0335} = {1A255870-57FF-4533-AA1A-B70196252CDD}
		{E461C0A8-8900-485C-B520-E929BA33F712} = {1A255870-57FF-4533-AA1A-B70196252CDD}
		{65BBF82A-76DD-4A72-AA5B-853A00D0C4DB} = {FA0D1EDF-185F-452E-B883-B96A3D50BDE7}
		{5091787A-CDD8-4DEB-9203-D15784BD6244} = {FA0D1EDF-185F-452E-B883-B96A3D50BDE7}
		{CF31D3CF-6A24-481E-8E18-7AB04B114E56} = {1483BB12-28EF-4437-BE5F-59A3D9ECB055}
		{7C9D4D61-2D8F-435F-B021-10FF5B098802} = {1494D717-CD97-4AEF-88F6-963DC14E465C}
		{20928412-794F-4B34-8288-CD994BC2F842} = {1483BB12-28EF-4437-BE5F-59A3D9ECB055}
		{8E488F1E-1D85-4891-AD6C-89C059F35505} = {20928412-794F-4B34-8288-CD994BC2F842}
		{B82543C5-7448-4BDD-823A-13F3323FAEF9} = {1494D717-CD97-4AEF-88F6-963DC14E465C}
		{05BC5E67-F8F8-4DEF-BACD-6E6A0001ED2C} = {8EBE2C33-A457-4677-9AFB-97E67EE35570}
		{A1BE9C5D-B95C-4F27-90E2-3A9FC825B5DE} = {8EBE2C33-A457-4677-9AFB-97E67EE35570}
		{CBF745CD-13B1-4C77-B957-558EA73190D2} = {A1BE9C5D-B95C-4F27-90E2-3A9FC825B5DE}
		{C381FDA6-175C-4874-8249-DBA8C9241928} = {8EBE2C33-A457-4677-9AFB-97E67EE35570}
		{65023E00-9967-4C42-93B1-ED184D8A4416} = {E490AEA9-9D5C-4502-AA81-77AE5A8A4476}
		{ABD6B7F5-90EF-425E-B3D9-DE1A323ED82D} = {E490AEA9-9D5C-4502-AA81-77AE5A8A4476}
		{7C3F3611-1D4F-46DC-BE74-37C11FD74DE1} = {ABD6B7F5-90EF-425E-B3D9-DE1A323ED82D}
		{54889791-07F7-46D9-9924-E6CDB365D993} = {E490AEA9-9D5C-4502-AA81-77AE5A8A4476}
		{AE16AE2D-A5D6-44E4-A0C3-4020A76CED36} = {1494D717-CD97-4AEF-88F6-963DC14E465C}
		{0E92D179-663D-4EFD-AD2B-B16F12488226} = {5D436E13-6E0B-472F-92C5-A1D3F4789425}
		{C516136E-5EF8-4EE5-9109-9A1A14A4C635} = {1494D717-CD97-4AEF-88F6-963DC14E465C}
		{739E901E-4F35-4F79-BC91-B8517F58207D} = {1494D717-CD97-4AEF-88F6-963DC14E465C}
		{0FE2AFE5-5916-42C4-9E8D-ADDEF79830D7} = {1494D717-CD97-4AEF-88F6-963DC14E465C}
		{D37B29F9-82B4-4F48-9608-5C1FB2BCA77D} = {9C83E324-8A4C-4015-87C1-2D5BC8924CAD}
		{B3744056-A1BE-4E2F-A5EF-3DC8385B798F} = {9C83E324-8A4C-4015-87C1-2D5BC8924CAD}
		{7CEA9D0D-4494-4FD3-92EA-C7129940D3CB} = {B3744056-A1BE-4E2F-A5EF-3DC8385B798F}
		{FC342C8E-5CD1-48A1-94F7-6256C9C322B6} = {62FA3E55-E956-4AAE-A5ED-F933DDF3B8E0}
		{4C87E06A-570E-4FAE-9116-0EDBB1CF66A7} = {62FA3E55-E956-4AAE-A5ED-F933DDF3B8E0}
		{8DA3D58C-8257-4BF6-BA8A-CBD17F90F545} = {811F634E-3041-4D93-B17C-9ED01B5C72A7}
		{B351BD3F-1F48-45E5-9BB3-8BC36E25CDC3} = {811F634E-3041-4D93-B17C-9ED01B5C72A7}
		{C81C223A-A7BB-40DF-A906-40F0DF491325} = {811F634E-3041-4D93-B17C-9ED01B5C72A7}
		{69DEEAAA-C7A6-4130-9F24-24E8F7584C5B} = {C81C223A-A7BB-40DF-A906-40F0DF491325}
		{08B31848-F8F2-455E-8539-3F05EFD2E515} = {C81C223A-A7BB-40DF-A906-40F0DF491325}
		{5EAF36A3-0202-4CD7-9431-196859F0D1AD} = {811F634E-3041-4D93-B17C-9ED01B5C72A7}
		{1560C8C4-A1B2-4FE8-AC09-15BB73F3AAA5} = {5EAF36A3-0202-4CD7-9431-196859F0D1AD}
		{C26FA2FF-3166-4D6A-87CC-69677B550519} = {C81C223A-A7BB-40DF-A906-40F0DF491325}
		{3E1E45DA-1C78-47E3-93F8-5C6479C7D407} = {5F0CAD97-E1AA-4D08-9A20-89D21A98E437}
		{86EA5479-35A2-46EC-A38D-9265CE2F4013} = {5F0CAD97-E1AA-4D08-9A20-89D21A98E437}
		{706A17F4-4977-4FB8-964C-A381E960B96E} = {5F0CAD97-E1AA-4D08-9A20-89D21A98E437}
		{AD6EB0B8-E5D4-4201-8179-602E00209A11} = {5F0CAD97-E1AA-4D08-9A20-89D21A98E437}
		{36A1B47E-D426-4FE3-90F9-DB29826CB7F1} = {5F0CAD97-E1AA-4D08-9A20-89D21A98E437}
		{2C94DA4B-4757-4AD0-94E0-60F1C51E13A0} = {5F0CAD97-E1AA-4D08-9A20-89D21A98E437}
		{32DF3E2C-2C41-41FE-A364-6917B7E124EC} = {5F0CAD97-E1AA-4D08-9A20-89D21A98E437}
		{96D7A81B-A0E0-405D-8845-AB0EFC47C281} = {6A060E46-80A8-4C4C-9334-4A81ED3AA6C8}
	EndGlobalSection
	GlobalSection(ExtensibilityGlobals) = postSolution
		SolutionGuid = {E70EE8C6-49B4-4F08-BEC8-7C5BF5DDF0DA}
	EndGlobalSection
EndGlobal
